
Microsoft Visual Studio Solution File, Format Version 12.00
# Visual Studio 15
VisualStudioVersion = 15.0.28307.902
MinimumVisualStudioVersion = 10.0.40219.1
Project("{FAE04EC0-301F-11D3-BF4B-00C04F79EFBC}") = "ToyotaFunctionApp", "ToyotaFunctionApp\ToyotaFunctionApp.csproj", "{BA1CEB93-A55F-4116-9FC1-AC6BD62B1EEC}"
EndProject
Global
	GlobalSection(SolutionConfigurationPlatforms) = preSolution
		Debug|Any CPU = Debug|Any CPU
		Release|Any CPU = Release|Any CPU
	EndGlobalSection
	GlobalSection(ProjectConfigurationPlatforms) = postSolution
		{BA1CEB93-A55F-4116-9FC1-AC6BD62B1EEC}.Debug|Any CPU.ActiveCfg = Debug|Any CPU
		{BA1CEB93-A55F-4116-9FC1-AC6BD62B1EEC}.Debug|Any CPU.Build.0 = Debug|Any CPU
		{BA1CEB93-A55F-4116-9FC1-AC6BD62B1EEC}.Release|Any CPU.ActiveCfg = Release|Any CPU
		{BA1CEB93-A55F-4116-9FC1-AC6BD62B1EEC}.Release|Any CPU.Build.0 = Release|Any CPU
	EndGlobalSection
	GlobalSection(SolutionProperties) = preSolution
		HideSolutionNode = FALSE
	EndGlobalSection
	GlobalSection(ExtensibilityGlobals) = postSolution
		SolutionGuid = {48CD67F6-4CCF-472C-9E70-5AC2F8376BE5}
	EndGlobalSection
EndGlobal
